
Microsoft Visual Studio Solution File, Format Version 12.00
# Visual Studio Version 16
VisualStudioVersion = 16.0.30420.98
MinimumVisualStudioVersion = 10.0.40219.1
Project("{FAE04EC0-301F-11D3-BF4B-00C04F79EFBC}") = "AssettoServer", "AssettoServer\AssettoServer.csproj", "{7FDA59D8-BF5B-4B50-8F61-37611D087D24}"
EndProject
Project("{FAE04EC0-301F-11D3-BF4B-00C04F79EFBC}") = "AssettoServerTest", "AssettoServerTest\AssettoServerTest.csproj", "{4671C846-7ED4-4082-AE33-C90959348762}"
EndProject
Global
	GlobalSection(SolutionConfigurationPlatforms) = preSolution
		Debug|Any CPU = Debug|Any CPU
		Release|Any CPU = Release|Any CPU
	EndGlobalSection
	GlobalSection(ProjectConfigurationPlatforms) = postSolution
		{7FDA59D8-BF5B-4B50-8F61-37611D087D24}.Debug|Any CPU.ActiveCfg = Debug|Any CPU
		{7FDA59D8-BF5B-4B50-8F61-37611D087D24}.Debug|Any CPU.Build.0 = Debug|Any CPU
		{7FDA59D8-BF5B-4B50-8F61-37611D087D24}.Release|Any CPU.ActiveCfg = Release|Any CPU
		{7FDA59D8-BF5B-4B50-8F61-37611D087D24}.Release|Any CPU.Build.0 = Release|Any CPU
		{4671C846-7ED4-4082-AE33-C90959348762}.Debug|Any CPU.ActiveCfg = Debug|Any CPU
		{4671C846-7ED4-4082-AE33-C90959348762}.Debug|Any CPU.Build.0 = Debug|Any CPU
		{4671C846-7ED4-4082-AE33-C90959348762}.Release|Any CPU.ActiveCfg = Release|Any CPU
		{4671C846-7ED4-4082-AE33-C90959348762}.Release|Any CPU.Build.0 = Release|Any CPU
	EndGlobalSection
	GlobalSection(SolutionProperties) = preSolution
		HideSolutionNode = FALSE
	EndGlobalSection
	GlobalSection(ExtensibilityGlobals) = postSolution
		SolutionGuid = {1E325738-66DC-456E-9275-FCFBBF1088E6}
	EndGlobalSection
EndGlobal
