
Microsoft Visual Studio Solution File, Format Version 12.00
# Visual Studio Version 16
VisualStudioVersion = 16.0.30420.98
MinimumVisualStudioVersion = 10.0.40219.1
Project("{FAE04EC0-301F-11D3-BF4B-00C04F79EFBC}") = "AssettoServer", "AssettoServer\AssettoServer.csproj", "{7FDA59D8-BF5B-4B50-8F61-37611D087D24}"
EndProject
Project("{FAE04EC0-301F-11D3-BF4B-00C04F79EFBC}") = "DiscordAuditPlugin", "DiscordAuditPlugin\DiscordAuditPlugin.csproj", "{9C7F1530-DF2D-41D4-A6F1-857955106869}"
EndProject
Project("{FAE04EC0-301F-11D3-BF4B-00C04F79EFBC}") = "SamplePlugin", "SamplePlugin\SamplePlugin.csproj", "{DAF372D3-E030-4911-8537-A55325B4F6B5}"
EndProject
Project("{FAE04EC0-301F-11D3-BF4B-00C04F79EFBC}") = "VotingWeatherPlugin", "VotingWeatherPlugin\VotingWeatherPlugin.csproj", "{1C5C55F2-C818-4277-9DBE-0EAFF35F59AA}"
EndProject
Project("{FAE04EC0-301F-11D3-BF4B-00C04F79EFBC}") = "LiveWeatherPlugin", "LiveWeatherPlugin\LiveWeatherPlugin.csproj", "{02FEF3DC-BCEC-4888-9B4E-BDE31DD6E58D}"
EndProject
Project("{FAE04EC0-301F-11D3-BF4B-00C04F79EFBC}") = "WordFilterPlugin", "WordFilterPlugin\WordFilterPlugin.csproj", "{C16217E0-D82B-43EF-A5E0-836ED135AA8C}"
EndProject
Project("{FAE04EC0-301F-11D3-BF4B-00C04F79EFBC}") = "RaceChallengePlugin", "RaceChallengePlugin\RaceChallengePlugin.csproj", "{2F522CD8-2890-4E00-97DB-4E2E1B407677}"
EndProject
Project("{FAE04EC0-301F-11D3-BF4B-00C04F79EFBC}") = "GeoIPPlugin", "GeoIPPlugin\GeoIPPlugin.csproj", "{F0F4ECA0-24FA-4913-92CB-B48A0DD129F3}"
EndProject
Project("{FAE04EC0-301F-11D3-BF4B-00C04F79EFBC}") = "ReportPlugin", "ReportPlugin\ReportPlugin.csproj", "{AF514EA8-5FC5-4A1B-9065-EC0AD34639B1}"
EndProject
Project("{FAE04EC0-301F-11D3-BF4B-00C04F79EFBC}") = "FastLaneUtils", "FastLaneUtils\FastLaneUtils.csproj", "{12A71A2F-CB26-4452-8B24-D3DA2A32466E}"
EndProject
Project("{FAE04EC0-301F-11D3-BF4B-00C04F79EFBC}") = "TimeDilationPlugin", "TimeDilationPlugin\TimeDilationPlugin.csproj", "{F479976E-7BB0-49EB-A97E-5389C0601D91}"
EndProject
Project("{FAE04EC0-301F-11D3-BF4B-00C04F79EFBC}") = "AutoModerationPlugin", "AutoModerationPlugin\AutoModerationPlugin.csproj", "{59C320A4-11D8-4BAE-81F1-226D012F5484}"
EndProject
Project("{FAE04EC0-301F-11D3-BF4B-00C04F79EFBC}") = "RandomWeatherPlugin", "RandomWeatherPlugin\RandomWeatherPlugin.csproj", "{7289448F-D8EF-4EB7-AFE3-4EDB27EE75E0}"
EndProject
Project("{FAE04EC0-301F-11D3-BF4B-00C04F79EFBC}") = "AssettoServer.Shared", "AssettoServer.Shared\AssettoServer.Shared.csproj", "{C7A903BD-6640-460A-BDD1-DFF6FC407E31}"
EndProject
Project("{FAE04EC0-301F-11D3-BF4B-00C04F79EFBC}") = "AssettoServer.Tests", "AssettoServer.Tests\AssettoServer.Tests.csproj", "{DA97DFBB-EA56-468C-BEDE-7CBEB360DD0E}"
EndProject
Project("{FAE04EC0-301F-11D3-BF4B-00C04F79EFBC}") = "VotingPresetPlugin", "VotingPresetPlugin\VotingPresetPlugin.csproj", "{458FEEA8-D472-4FA9-8E50-63F04F05180A}"
EndProject
Project("{FAE04EC0-301F-11D3-BF4B-00C04F79EFBC}") = "CustomCommandPlugin", "CustomCommandPlugin\CustomCommandPlugin.csproj", "{369241FE-2176-4AA6-B44C-0C1A71D5EA25}"
EndProject
Project("{FAE04EC0-301F-11D3-BF4B-00C04F79EFBC}") = "ReplayPlugin", "ReplayPlugin\ReplayPlugin.csproj", "{85A4319F-EB8C-4CC3-B107-6C319E537EB8}"
EndProject
Project("{FAE04EC0-301F-11D3-BF4B-00C04F79EFBC}") = "TagModePlugin", "TagModePlugin\TagModePlugin.csproj", "{965E0A03-327B-4D82-908E-8356D3E22151}"
EndProject
Project("{FAE04EC0-301F-11D3-BF4B-00C04F79EFBC}") = "FastTravelPlugin", "FastTravelPlugin\FastTravelPlugin.csproj", "{022C75A2-8B36-44F5-B99C-AF577A0192FD}"
EndProject
Global
	GlobalSection(SolutionConfigurationPlatforms) = preSolution
		Debug|Any CPU = Debug|Any CPU
		Release|Any CPU = Release|Any CPU
	EndGlobalSection
	GlobalSection(ProjectConfigurationPlatforms) = postSolution
		{7FDA59D8-BF5B-4B50-8F61-37611D087D24}.Debug|Any CPU.ActiveCfg = Debug|Any CPU
		{7FDA59D8-BF5B-4B50-8F61-37611D087D24}.Debug|Any CPU.Build.0 = Debug|Any CPU
		{7FDA59D8-BF5B-4B50-8F61-37611D087D24}.Release|Any CPU.ActiveCfg = Release|Any CPU
		{7FDA59D8-BF5B-4B50-8F61-37611D087D24}.Release|Any CPU.Build.0 = Release|Any CPU
		{9C7F1530-DF2D-41D4-A6F1-857955106869}.Debug|Any CPU.ActiveCfg = Debug|Any CPU
		{9C7F1530-DF2D-41D4-A6F1-857955106869}.Debug|Any CPU.Build.0 = Debug|Any CPU
		{9C7F1530-DF2D-41D4-A6F1-857955106869}.Release|Any CPU.ActiveCfg = Release|Any CPU
		{9C7F1530-DF2D-41D4-A6F1-857955106869}.Release|Any CPU.Build.0 = Release|Any CPU
		{DAF372D3-E030-4911-8537-A55325B4F6B5}.Debug|Any CPU.ActiveCfg = Debug|Any CPU
		{DAF372D3-E030-4911-8537-A55325B4F6B5}.Debug|Any CPU.Build.0 = Debug|Any CPU
		{DAF372D3-E030-4911-8537-A55325B4F6B5}.Release|Any CPU.ActiveCfg = Release|Any CPU
		{DAF372D3-E030-4911-8537-A55325B4F6B5}.Release|Any CPU.Build.0 = Release|Any CPU
		{1C5C55F2-C818-4277-9DBE-0EAFF35F59AA}.Debug|Any CPU.ActiveCfg = Debug|Any CPU
		{1C5C55F2-C818-4277-9DBE-0EAFF35F59AA}.Debug|Any CPU.Build.0 = Debug|Any CPU
		{1C5C55F2-C818-4277-9DBE-0EAFF35F59AA}.Release|Any CPU.ActiveCfg = Release|Any CPU
		{1C5C55F2-C818-4277-9DBE-0EAFF35F59AA}.Release|Any CPU.Build.0 = Release|Any CPU
		{02FEF3DC-BCEC-4888-9B4E-BDE31DD6E58D}.Debug|Any CPU.ActiveCfg = Debug|Any CPU
		{02FEF3DC-BCEC-4888-9B4E-BDE31DD6E58D}.Debug|Any CPU.Build.0 = Debug|Any CPU
		{02FEF3DC-BCEC-4888-9B4E-BDE31DD6E58D}.Release|Any CPU.ActiveCfg = Release|Any CPU
		{02FEF3DC-BCEC-4888-9B4E-BDE31DD6E58D}.Release|Any CPU.Build.0 = Release|Any CPU
		{C16217E0-D82B-43EF-A5E0-836ED135AA8C}.Debug|Any CPU.ActiveCfg = Debug|Any CPU
		{C16217E0-D82B-43EF-A5E0-836ED135AA8C}.Debug|Any CPU.Build.0 = Debug|Any CPU
		{C16217E0-D82B-43EF-A5E0-836ED135AA8C}.Release|Any CPU.ActiveCfg = Release|Any CPU
		{C16217E0-D82B-43EF-A5E0-836ED135AA8C}.Release|Any CPU.Build.0 = Release|Any CPU
		{2F522CD8-2890-4E00-97DB-4E2E1B407677}.Debug|Any CPU.ActiveCfg = Debug|Any CPU
		{2F522CD8-2890-4E00-97DB-4E2E1B407677}.Debug|Any CPU.Build.0 = Debug|Any CPU
		{2F522CD8-2890-4E00-97DB-4E2E1B407677}.Release|Any CPU.ActiveCfg = Release|Any CPU
		{2F522CD8-2890-4E00-97DB-4E2E1B407677}.Release|Any CPU.Build.0 = Release|Any CPU
		{F0F4ECA0-24FA-4913-92CB-B48A0DD129F3}.Debug|Any CPU.ActiveCfg = Debug|Any CPU
		{F0F4ECA0-24FA-4913-92CB-B48A0DD129F3}.Debug|Any CPU.Build.0 = Debug|Any CPU
		{F0F4ECA0-24FA-4913-92CB-B48A0DD129F3}.Release|Any CPU.ActiveCfg = Release|Any CPU
		{F0F4ECA0-24FA-4913-92CB-B48A0DD129F3}.Release|Any CPU.Build.0 = Release|Any CPU
		{AF514EA8-5FC5-4A1B-9065-EC0AD34639B1}.Debug|Any CPU.ActiveCfg = Debug|Any CPU
		{AF514EA8-5FC5-4A1B-9065-EC0AD34639B1}.Debug|Any CPU.Build.0 = Debug|Any CPU
		{AF514EA8-5FC5-4A1B-9065-EC0AD34639B1}.Release|Any CPU.ActiveCfg = Release|Any CPU
		{AF514EA8-5FC5-4A1B-9065-EC0AD34639B1}.Release|Any CPU.Build.0 = Release|Any CPU
		{12A71A2F-CB26-4452-8B24-D3DA2A32466E}.Debug|Any CPU.ActiveCfg = Debug|Any CPU
		{12A71A2F-CB26-4452-8B24-D3DA2A32466E}.Debug|Any CPU.Build.0 = Debug|Any CPU
		{12A71A2F-CB26-4452-8B24-D3DA2A32466E}.Release|Any CPU.ActiveCfg = Release|Any CPU
		{12A71A2F-CB26-4452-8B24-D3DA2A32466E}.Release|Any CPU.Build.0 = Release|Any CPU
		{F479976E-7BB0-49EB-A97E-5389C0601D91}.Debug|Any CPU.ActiveCfg = Debug|Any CPU
		{F479976E-7BB0-49EB-A97E-5389C0601D91}.Debug|Any CPU.Build.0 = Debug|Any CPU
		{F479976E-7BB0-49EB-A97E-5389C0601D91}.Release|Any CPU.ActiveCfg = Release|Any CPU
		{F479976E-7BB0-49EB-A97E-5389C0601D91}.Release|Any CPU.Build.0 = Release|Any CPU
		{59C320A4-11D8-4BAE-81F1-226D012F5484}.Debug|Any CPU.ActiveCfg = Debug|Any CPU
		{59C320A4-11D8-4BAE-81F1-226D012F5484}.Debug|Any CPU.Build.0 = Debug|Any CPU
		{59C320A4-11D8-4BAE-81F1-226D012F5484}.Release|Any CPU.ActiveCfg = Release|Any CPU
		{59C320A4-11D8-4BAE-81F1-226D012F5484}.Release|Any CPU.Build.0 = Release|Any CPU
		{7289448F-D8EF-4EB7-AFE3-4EDB27EE75E0}.Debug|Any CPU.ActiveCfg = Debug|Any CPU
		{7289448F-D8EF-4EB7-AFE3-4EDB27EE75E0}.Debug|Any CPU.Build.0 = Debug|Any CPU
		{7289448F-D8EF-4EB7-AFE3-4EDB27EE75E0}.Release|Any CPU.ActiveCfg = Release|Any CPU
		{7289448F-D8EF-4EB7-AFE3-4EDB27EE75E0}.Release|Any CPU.Build.0 = Release|Any CPU
		{C7A903BD-6640-460A-BDD1-DFF6FC407E31}.Debug|Any CPU.ActiveCfg = Debug|Any CPU
		{C7A903BD-6640-460A-BDD1-DFF6FC407E31}.Debug|Any CPU.Build.0 = Debug|Any CPU
		{C7A903BD-6640-460A-BDD1-DFF6FC407E31}.Release|Any CPU.ActiveCfg = Release|Any CPU
		{C7A903BD-6640-460A-BDD1-DFF6FC407E31}.Release|Any CPU.Build.0 = Release|Any CPU
		{DA97DFBB-EA56-468C-BEDE-7CBEB360DD0E}.Debug|Any CPU.ActiveCfg = Debug|Any CPU
		{DA97DFBB-EA56-468C-BEDE-7CBEB360DD0E}.Debug|Any CPU.Build.0 = Debug|Any CPU
		{DA97DFBB-EA56-468C-BEDE-7CBEB360DD0E}.Release|Any CPU.ActiveCfg = Release|Any CPU
		{DA97DFBB-EA56-468C-BEDE-7CBEB360DD0E}.Release|Any CPU.Build.0 = Release|Any CPU
		{458FEEA8-D472-4FA9-8E50-63F04F05180A}.Debug|Any CPU.ActiveCfg = Debug|Any CPU
		{458FEEA8-D472-4FA9-8E50-63F04F05180A}.Debug|Any CPU.Build.0 = Debug|Any CPU
		{458FEEA8-D472-4FA9-8E50-63F04F05180A}.Release|Any CPU.ActiveCfg = Release|Any CPU
		{458FEEA8-D472-4FA9-8E50-63F04F05180A}.Release|Any CPU.Build.0 = Release|Any CPU
		{369241FE-2176-4AA6-B44C-0C1A71D5EA25}.Debug|Any CPU.ActiveCfg = Debug|Any CPU
		{369241FE-2176-4AA6-B44C-0C1A71D5EA25}.Debug|Any CPU.Build.0 = Debug|Any CPU
		{369241FE-2176-4AA6-B44C-0C1A71D5EA25}.Release|Any CPU.ActiveCfg = Release|Any CPU
		{369241FE-2176-4AA6-B44C-0C1A71D5EA25}.Release|Any CPU.Build.0 = Release|Any CPU
		{85A4319F-EB8C-4CC3-B107-6C319E537EB8}.Debug|Any CPU.ActiveCfg = Debug|Any CPU
		{85A4319F-EB8C-4CC3-B107-6C319E537EB8}.Debug|Any CPU.Build.0 = Debug|Any CPU
		{85A4319F-EB8C-4CC3-B107-6C319E537EB8}.Release|Any CPU.ActiveCfg = Release|Any CPU
		{85A4319F-EB8C-4CC3-B107-6C319E537EB8}.Release|Any CPU.Build.0 = Release|Any CPU
		{965E0A03-327B-4D82-908E-8356D3E22151}.Debug|Any CPU.ActiveCfg = Debug|Any CPU
		{965E0A03-327B-4D82-908E-8356D3E22151}.Debug|Any CPU.Build.0 = Debug|Any CPU
		{965E0A03-327B-4D82-908E-8356D3E22151}.Release|Any CPU.ActiveCfg = Release|Any CPU
		{965E0A03-327B-4D82-908E-8356D3E22151}.Release|Any CPU.Build.0 = Release|Any CPU
		{022C75A2-8B36-44F5-B99C-AF577A0192FD}.Debug|Any CPU.ActiveCfg = Debug|Any CPU
		{022C75A2-8B36-44F5-B99C-AF577A0192FD}.Debug|Any CPU.Build.0 = Debug|Any CPU
		{022C75A2-8B36-44F5-B99C-AF577A0192FD}.Release|Any CPU.ActiveCfg = Release|Any CPU
		{022C75A2-8B36-44F5-B99C-AF577A0192FD}.Release|Any CPU.Build.0 = Release|Any CPU
	EndGlobalSection
	GlobalSection(SolutionProperties) = preSolution
		HideSolutionNode = FALSE
	EndGlobalSection
	GlobalSection(ExtensibilityGlobals) = postSolution
		SolutionGuid = {1E325738-66DC-456E-9275-FCFBBF1088E6}
	EndGlobalSection
EndGlobal
